
Microsoft Visual Studio Solution File, Format Version 12.00
# Visual Studio Version 17
VisualStudioVersion = 17.11.35303.130
MinimumVisualStudioVersion = 10.0.40219.1
Project("{FAE04EC0-301F-11D3-BF4B-00C04F79EFBC}") = "PrimerParcial", "PrimerParcial\PrimerParcial.csproj", "{C1A57C26-50D4-4B7D-B151-949EFF3702CE}"
EndProject
Global
	GlobalSection(SolutionConfigurationPlatforms) = preSolution
		Debug|Any CPU = Debug|Any CPU
		Release|Any CPU = Release|Any CPU
	EndGlobalSection
	GlobalSection(ProjectConfigurationPlatforms) = postSolution
		{C1A57C26-50D4-4B7D-B151-949EFF3702CE}.Debug|Any CPU.ActiveCfg = Debug|Any CPU
		{C1A57C26-50D4-4B7D-B151-949EFF3702CE}.Debug|Any CPU.Build.0 = Debug|Any CPU
		{C1A57C26-50D4-4B7D-B151-949EFF3702CE}.Release|Any CPU.ActiveCfg = Release|Any CPU
		{C1A57C26-50D4-4B7D-B151-949EFF3702CE}.Release|Any CPU.Build.0 = Release|Any CPU
	EndGlobalSection
	GlobalSection(SolutionProperties) = preSolution
		HideSolutionNode = FALSE
	EndGlobalSection
	GlobalSection(ExtensibilityGlobals) = postSolution
		SolutionGuid = {D980BB7C-5F67-4804-A09F-342D76E743E4}
	EndGlobalSection
EndGlobal
